
Microsoft Visual Studio Solution File, Format Version 12.00
# Visual Studio Version 17
VisualStudioVersion = 17.7.34202.233
MinimumVisualStudioVersion = 10.0.40219.1
Project("{FAE04EC0-301F-11D3-BF4B-00C04F79EFBC}") = "WindowSubs", "WindowSubs\WindowSubs.csproj", "{F485A356-85B5-4B76-AC8B-5912B9DB4DDE}"
EndProject
Global
	GlobalSection(SolutionConfigurationPlatforms) = preSolution
		Debug|Any CPU = Debug|Any CPU
		Release|Any CPU = Release|Any CPU
	EndGlobalSection
	GlobalSection(ProjectConfigurationPlatforms) = postSolution
		{F485A356-85B5-4B76-AC8B-5912B9DB4DDE}.Debug|Any CPU.ActiveCfg = Debug|Any CPU
		{F485A356-85B5-4B76-AC8B-5912B9DB4DDE}.Debug|Any CPU.Build.0 = Debug|Any CPU
		{F485A356-85B5-4B76-AC8B-5912B9DB4DDE}.Release|Any CPU.ActiveCfg = Release|Any CPU
		{F485A356-85B5-4B76-AC8B-5912B9DB4DDE}.Release|Any CPU.Build.0 = Release|Any CPU
	EndGlobalSection
	GlobalSection(SolutionProperties) = preSolution
		HideSolutionNode = FALSE
	EndGlobalSection
	GlobalSection(ExtensibilityGlobals) = postSolution
		SolutionGuid = {2610AD50-F5F8-4915-B3F4-764D512C0A91}
	EndGlobalSection
EndGlobal
